
Microsoft Visual Studio Solution File, Format Version 12.00
# Visual Studio Version 17
VisualStudioVersion = 17.14.36811.4 d17.14
MinimumVisualStudioVersion = 10.0.40219.1
Project("{FAE04EC0-301F-11D3-BF4B-00C04F79EFBC}") = "PeliculasAPI", "PeliculasAPI\PeliculasAPI.csproj", "{2027A6D0-C43B-48E6-8C9E-E1BABA9055AF}"
EndProject
Global
	GlobalSection(SolutionConfigurationPlatforms) = preSolution
		Debug|Any CPU = Debug|Any CPU
		Release|Any CPU = Release|Any CPU
	EndGlobalSection
	GlobalSection(ProjectConfigurationPlatforms) = postSolution
		{2027A6D0-C43B-48E6-8C9E-E1BABA9055AF}.Debug|Any CPU.ActiveCfg = Debug|Any CPU
		{2027A6D0-C43B-48E6-8C9E-E1BABA9055AF}.Debug|Any CPU.Build.0 = Debug|Any CPU
		{2027A6D0-C43B-48E6-8C9E-E1BABA9055AF}.Release|Any CPU.ActiveCfg = Release|Any CPU
		{2027A6D0-C43B-48E6-8C9E-E1BABA9055AF}.Release|Any CPU.Build.0 = Release|Any CPU
	EndGlobalSection
	GlobalSection(SolutionProperties) = preSolution
		HideSolutionNode = FALSE
	EndGlobalSection
	GlobalSection(ExtensibilityGlobals) = postSolution
		SolutionGuid = {8784441F-F6BC-4B62-AB65-38186DC933AC}
	EndGlobalSection
EndGlobal
